{
  "name": "notificationsfunction",
  "version": "2.0.0",
  "lockfileVersion": 3,
  "requires": true,
  "packages": {
    "": {
      "name": "notificationsfunction",
      "version": "2.0.0",
      "license": "Apache-2.0",
      "devDependencies": {
        "@types/aws-lambda": "^8.10.92"
      }
    },
    "node_modules/@types/aws-lambda": {
      "version": "8.10.157",
      "resolved": "https://registry.npmjs.org/@types/aws-lambda/-/aws-lambda-8.10.157.tgz",
      "integrity": "sha512-ofjcRCO1N7tMZDSO11u5bFHPDfUFD3Q9YK9g4S4w8UDKuG3CNlw2lNK1sd3Itdo7JORygZmG4h9ZykS8dlXvMA==",
      "dev": true,
      "license": "MIT"
    }
  }
}
